<?xml version="1.0" encoding="utf-8"?>
<Project ToolsVersion="4.0" xmlns="http://schemas.microsoft.com/developer/msbuild/2003">
  <ItemGroup>
    <Filter Include="Source Files">
      <UniqueIdentifier>{4FC737F1-C7A5-4376-A066-2A32D752A2FF}</UniqueIdentifier>
      <Extensions>cpp;c;cc;cxx;def;odl;idl;hpj;bat;asm;asmx</Extensions>
    </Filter>
    <Filter Include="Header Files">
      <UniqueIdentifier>{93995380-89BD-4b04-88EB-625FBE52EBFB}</UniqueIdentifier>
      <Extensions>h;hh;hpp;hxx;hm;inl;inc;xsd</Extensions>
    </Filter>
    <Filter Include="Resource Files">
      <UniqueIdentifier>{67DA6AB6-F800-4c08-8B7A-83BB121AAD01}</UniqueIdentifier>
      <Extensions>rc;ico;cur;bmp;dlg;rc2;rct;bin;rgs;gif;jpg;jpeg;jpe;resx;tiff;tif;png;wav</Extensions>
    </Filter>
    <Filter Include="Documents">
      <UniqueIdentifier>{83dce933-d6ff-4360-b18c-237069bce987}</UniqueIdentifier>
    </Filter>
  </ItemGroup>
  <ItemGroup>
    <ClCompile Include="AbstractView.cpp">
      <Filter>Source Files</Filter>
    </ClCompile>
    <ClCompile Include="Block.cpp">
      <Filter>Source Files</Filter>
    </ClCompile>
    <ClCompile Include="CharCellDef.cpp">
      <Filter>Source Files</Filter>
    </ClCompile>
    <ClCompile Include="ChildFrm.cpp">
      <Filter>Source Files</Filter>
    </ClCompile>
    <ClCompile Include="CutPaste.cpp">
      <Filter>Source Files</Filter>
    </ClCompile>
    <ClCompile Include="Dde.cpp">
      <Filter>Source Files</Filter>
    </ClCompile>
    <ClCompile Include="DdeCmds.cpp">
      <Filter>Source Files</Filter>
    </ClCompile>
    <ClCompile Include="DdeConversation.cpp">
      <Filter>Source Files</Filter>
    </ClCompile>
    <ClCompile Include="DdeGItms.cpp">
      <Filter>Source Files</Filter>
    </ClCompile>
    <ClCompile Include="DdeItem.cpp">
      <Filter>Source Files</Filter>
    </ClCompile>
    <ClCompile Include="DdeSys.cpp">
      <Filter>Source Files</Filter>
    </ClCompile>
    <ClCompile Include="DdeTopic.cpp">
      <Filter>Source Files</Filter>
    </ClCompile>
    <ClCompile Include="Directory.cpp">
      <Filter>Source Files</Filter>
    </ClCompile>
    <ClCompile Include="DlgAbout.cpp">
      <Filter>Source Files</Filter>
    </ClCompile>
    <ClCompile Include="DlgProcAnnotateOptions.cpp">
      <Filter>Source Files</Filter>
    </ClCompile>
    <ClCompile Include="DlgProcBlockInsert.cpp">
      <Filter>Source Files</Filter>
    </ClCompile>
    <ClCompile Include="DlgProcDrawOptions.cpp">
      <Filter>Source Files</Filter>
    </ClCompile>
    <ClCompile Include="DlgProcEditOps.cpp">
      <Filter>Source Files</Filter>
    </ClCompile>
    <ClCompile Include="DlgProcEditTrap_CommandsQuery.cpp">
      <Filter>Source Files</Filter>
    </ClCompile>
    <ClCompile Include="DlgProcFileManage.cpp">
      <Filter>Source Files</Filter>
    </ClCompile>
    <ClCompile Include="DlgProcFileTracing.cpp">
      <Filter>Source Files</Filter>
    </ClCompile>
    <ClCompile Include="DlgProcFixupOptions.cpp">
      <Filter>Source Files</Filter>
    </ClCompile>
    <ClCompile Include="DlgProcGetLayerName.cpp">
      <Filter>Source Files</Filter>
    </ClCompile>
    <ClCompile Include="DlgProcHomePoints.cpp">
      <Filter>Source Files</Filter>
    </ClCompile>
    <ClCompile Include="DlgProcLPDOptions.cpp">
      <Filter>Source Files</Filter>
    </ClCompile>
    <ClCompile Include="DlgProcModeLetter.cpp">
      <Filter>Source Files</Filter>
    </ClCompile>
    <ClCompile Include="DlgProcModeRevise.cpp">
      <Filter>Source Files</Filter>
    </ClCompile>
    <ClCompile Include="DlgProcPipeOptions.cpp">
      <Filter>Source Files</Filter>
    </ClCompile>
    <ClCompile Include="DlgProcPipeSymbol.cpp">
      <Filter>Source Files</Filter>
    </ClCompile>
    <ClCompile Include="DlgProcProjAxonometric.cpp">
      <Filter>Source Files</Filter>
    </ClCompile>
    <ClCompile Include="DlgProcProjIsometric.cpp">
      <Filter>Source Files</Filter>
    </ClCompile>
    <ClCompile Include="DlgProcProjOblique.cpp">
      <Filter>Source Files</Filter>
    </ClCompile>
    <ClCompile Include="DlgProcProjPerspective.cpp">
      <Filter>Source Files</Filter>
    </ClCompile>
    <ClCompile Include="DlgProcRPDOptions.cpp">
      <Filter>Source Files</Filter>
    </ClCompile>
    <ClCompile Include="DlgProcSetPasteLoc.cpp">
      <Filter>Source Files</Filter>
    </ClCompile>
    <ClCompile Include="DlgProcSetupHatch.cpp">
      <Filter>Source Files</Filter>
    </ClCompile>
    <ClCompile Include="DlgProcSetupMouse_Buttons.cpp">
      <Filter>Source Files</Filter>
    </ClCompile>
    <ClCompile Include="DlgProcSetupNote.cpp">
      <Filter>Source Files</Filter>
    </ClCompile>
    <ClCompile Include="DlgProcSetupPenStyle.cpp">
      <Filter>Source Files</Filter>
    </ClCompile>
    <ClCompile Include="DlgProcSetupPen_Color.cpp">
      <Filter>Source Files</Filter>
    </ClCompile>
    <ClCompile Include="DlgProcSetupUnits.cpp">
      <Filter>Source Files</Filter>
    </ClCompile>
    <ClCompile Include="DlgProcTrapModify.cpp">
      <Filter>Source Files</Filter>
    </ClCompile>
    <ClCompile Include="DlgProcViewLighting.cpp">
      <Filter>Source Files</Filter>
    </ClCompile>
    <ClCompile Include="DlgProcViewParameters.cpp">
      <Filter>Source Files</Filter>
    </ClCompile>
    <ClCompile Include="DlgSetAngle.cpp">
      <Filter>Source Files</Filter>
    </ClCompile>
    <ClCompile Include="DlgSetLength.cpp">
      <Filter>Source Files</Filter>
    </ClCompile>
    <ClCompile Include="DlgSetScale.cpp">
      <Filter>Source Files</Filter>
    </ClCompile>
    <ClCompile Include="DlgSetText.cpp">
      <Filter>Source Files</Filter>
    </ClCompile>
    <ClCompile Include="DlgViewZoom.cpp">
      <Filter>Source Files</Filter>
    </ClCompile>
    <ClCompile Include="FfaRead.cpp">
      <Filter>Source Files</Filter>
    </ClCompile>
    <ClCompile Include="FileBitmap.cpp">
      <Filter>Source Files</Filter>
    </ClCompile>
    <ClCompile Include="FileBlock.cpp">
      <Filter>Source Files</Filter>
    </ClCompile>
    <ClCompile Include="FileJob.cpp">
      <Filter>Source Files</Filter>
    </ClCompile>
    <ClCompile Include="FileOpenDWG.cpp">
      <Filter>Source Files</Filter>
    </ClCompile>
    <ClCompile Include="FilePeg.cpp">
      <Filter>Source Files</Filter>
    </ClCompile>
    <ClCompile Include="FileTracing.cpp">
      <Filter>Source Files</Filter>
    </ClCompile>
    <ClCompile Include="FontDef.cpp">
      <Filter>Source Files</Filter>
    </ClCompile>
    <ClCompile Include="Grid.cpp">
      <Filter>Source Files</Filter>
    </ClCompile>
    <ClCompile Include="Layer.cpp">
      <Filter>Source Files</Filter>
    </ClCompile>
    <ClCompile Include="Lex.cpp">
      <Filter>Source Files</Filter>
    </ClCompile>
    <ClCompile Include="Line.cpp">
      <Filter>Source Files</Filter>
    </ClCompile>
    <ClCompile Include="MainFrm.cpp">
      <Filter>Source Files</Filter>
    </ClCompile>
    <ClCompile Include="Mat4.cpp">
      <Filter>Source Files</Filter>
    </ClCompile>
    <ClCompile Include="Messages.cpp">
      <Filter>Source Files</Filter>
    </ClCompile>
    <ClCompile Include="ModeLine.cpp">
      <Filter>Source Files</Filter>
    </ClCompile>
    <ClCompile Include="ModelTransform.cpp">
      <Filter>Source Files</Filter>
    </ClCompile>
    <ClCompile Include="ModelView.cpp">
      <Filter>Source Files</Filter>
    </ClCompile>
    <ClCompile Include="MsgProcs.cpp">
      <Filter>Source Files</Filter>
    </ClCompile>
    <ClCompile Include="OpenGL.cpp">
      <Filter>Source Files</Filter>
    </ClCompile>
    <ClCompile Include="OwnerDraw.cpp">
      <Filter>Source Files</Filter>
    </ClCompile>
    <ClCompile Include="ParLines.cpp">
      <Filter>Source Files</Filter>
    </ClCompile>
    <ClCompile Include="PegAEsys.cpp">
      <Filter>Source Files</Filter>
    </ClCompile>
    <ClCompile Include="PegAEsysDoc.cpp">
      <Filter>Source Files</Filter>
    </ClCompile>
    <ClCompile Include="PegAEsysView.cpp">
      <Filter>Source Files</Filter>
    </ClCompile>
    <ClCompile Include="PenStyle.cpp">
      <Filter>Source Files</Filter>
    </ClCompile>
    <ClCompile Include="PixelMapRGB.cpp">
      <Filter>Source Files</Filter>
    </ClCompile>
    <ClCompile Include="Pnt.cpp">
      <Filter>Source Files</Filter>
    </ClCompile>
    <ClCompile Include="Pnt4.cpp">
      <Filter>Source Files</Filter>
    </ClCompile>
    <ClCompile Include="Polygon.cpp">
      <Filter>Source Files</Filter>
    </ClCompile>
    <ClCompile Include="Polyline.cpp">
      <Filter>Source Files</Filter>
    </ClCompile>
    <ClCompile Include="Prim.cpp">
      <Filter>Source Files</Filter>
    </ClCompile>
    <ClCompile Include="PrimArc.cpp">
      <Filter>Source Files</Filter>
    </ClCompile>
    <ClCompile Include="PrimBSpline.cpp">
      <Filter>Source Files</Filter>
    </ClCompile>
    <ClCompile Include="PrimCSpline.cpp">
      <Filter>Source Files</Filter>
    </ClCompile>
    <ClCompile Include="PrimDim.cpp">
      <Filter>Source Files</Filter>
    </ClCompile>
    <ClCompile Include="PrimInsert.cpp">
      <Filter>Source Files</Filter>
    </ClCompile>
    <ClCompile Include="PrimLine.cpp">
      <Filter>Source Files</Filter>
    </ClCompile>
    <ClCompile Include="PrimMark.cpp">
      <Filter>Source Files</Filter>
    </ClCompile>
    <ClCompile Include="PrimPolygon.cpp">
      <Filter>Source Files</Filter>
    </ClCompile>
    <ClCompile Include="PrimPolyline.cpp">
      <Filter>Source Files</Filter>
    </ClCompile>
    <ClCompile Include="PrimSegRef.cpp">
      <Filter>Source Files</Filter>
    </ClCompile>
    <ClCompile Include="PrimState.cpp">
      <Filter>Source Files</Filter>
    </ClCompile>
    <ClCompile Include="PrimTag.cpp">
      <Filter>Source Files</Filter>
    </ClCompile>
    <ClCompile Include="PrimText.cpp">
      <Filter>Source Files</Filter>
    </ClCompile>
    <ClCompile Include="RefSys.cpp">
      <Filter>Source Files</Filter>
    </ClCompile>
    <ClCompile Include="Seg.cpp">
      <Filter>Source Files</Filter>
    </ClCompile>
    <ClCompile Include="Segs.cpp">
      <Filter>Source Files</Filter>
    </ClCompile>
    <ClCompile Include="SegsDet.cpp">
      <Filter>Source Files</Filter>
    </ClCompile>
    <ClCompile Include="SegsTrap.cpp">
      <Filter>Source Files</Filter>
    </ClCompile>
    <ClCompile Include="stdafx.cpp">
      <Filter>Source Files</Filter>
    </ClCompile>
    <ClCompile Include="StringExtra.cpp">
      <Filter>Source Files</Filter>
    </ClCompile>
    <ClCompile Include="SubProcAnnotate.cpp">
      <Filter>Source Files</Filter>
    </ClCompile>
    <ClCompile Include="SubProcCut.cpp">
      <Filter>Source Files</Filter>
    </ClCompile>
    <ClCompile Include="SubProcDimension.cpp">
      <Filter>Source Files</Filter>
    </ClCompile>
    <ClCompile Include="SubProcDraw.cpp">
      <Filter>Source Files</Filter>
    </ClCompile>
    <ClCompile Include="SubProcDraw2.cpp">
      <Filter>Source Files</Filter>
    </ClCompile>
    <ClCompile Include="SubProcEdit.cpp">
      <Filter>Source Files</Filter>
    </ClCompile>
    <ClCompile Include="SubProcEditPrimitive.cpp">
      <Filter>Source Files</Filter>
    </ClCompile>
    <ClCompile Include="SubProcEditSegment.cpp">
      <Filter>Source Files</Filter>
    </ClCompile>
    <ClCompile Include="SubProcFixup.cpp">
      <Filter>Source Files</Filter>
    </ClCompile>
    <ClCompile Include="SubProcLPD.cpp">
      <Filter>Source Files</Filter>
    </ClCompile>
    <ClCompile Include="SubProcMendPrim.cpp">
      <Filter>Source Files</Filter>
    </ClCompile>
    <ClCompile Include="SubProcNodal.cpp">
      <Filter>Source Files</Filter>
    </ClCompile>
    <ClCompile Include="SubProcPipe.cpp">
      <Filter>Source Files</Filter>
    </ClCompile>
    <ClCompile Include="SubProcPower.cpp">
      <Filter>Source Files</Filter>
    </ClCompile>
    <ClCompile Include="SubProcRLPD.cpp">
      <Filter>Source Files</Filter>
    </ClCompile>
    <ClCompile Include="SubProcTrapAdd.cpp">
      <Filter>Source Files</Filter>
    </ClCompile>
    <ClCompile Include="SubProcTrapRemove.cpp">
      <Filter>Source Files</Filter>
    </ClCompile>
    <ClCompile Include="Text.cpp">
      <Filter>Source Files</Filter>
    </ClCompile>
    <ClCompile Include="TMat.cpp">
      <Filter>Source Files</Filter>
    </ClCompile>
    <ClCompile Include="TrpFiltr.cpp">
      <Filter>Source Files</Filter>
    </ClCompile>
    <ClCompile Include="UnitsString.cpp">
      <Filter>Source Files</Filter>
    </ClCompile>
    <ClCompile Include="UserAxis.cpp">
      <Filter>Source Files</Filter>
    </ClCompile>
    <ClCompile Include="Vax.cpp">
      <Filter>Source Files</Filter>
    </ClCompile>
    <ClCompile Include="Vec.cpp">
      <Filter>Source Files</Filter>
    </ClCompile>
    <ClCompile Include="Vec4.cpp">
      <Filter>Source Files</Filter>
    </ClCompile>
    <ClCompile Include="Viewport.cpp">
      <Filter>Source Files</Filter>
    </ClCompile>
    <ClCompile Include="WndProcKeyPlan.cpp">
      <Filter>Source Files</Filter>
    </ClCompile>
    <ClCompile Include="WndProcPreview.cpp">
      <Filter>Source Files</Filter>
    </ClCompile>
  </ItemGroup>
  <ItemGroup>
    <ClInclude Include="AbstractView.h">
      <Filter>Header Files</Filter>
    </ClInclude>
    <ClInclude Include="Block.h">
      <Filter>Header Files</Filter>
    </ClInclude>
    <ClInclude Include="CharCellDef.h">
      <Filter>Header Files</Filter>
    </ClInclude>
    <ClInclude Include="ChildFrm.h">
      <Filter>Header Files</Filter>
    </ClInclude>
    <ClInclude Include="Dde.h">
      <Filter>Header Files</Filter>
    </ClInclude>
    <ClInclude Include="DdeCmds.h">
      <Filter>Header Files</Filter>
    </ClInclude>
    <ClInclude Include="DdeGItms.h">
      <Filter>Header Files</Filter>
    </ClInclude>
    <ClInclude Include="DdeSys.h">
      <Filter>Header Files</Filter>
    </ClInclude>
    <ClInclude Include="Directory.h">
      <Filter>Header Files</Filter>
    </ClInclude>
    <ClInclude Include="DlgProcEditOps.h">
      <Filter>Header Files</Filter>
    </ClInclude>
    <ClInclude Include="DlgProcEditTrap_CommandsQuery.h">
      <Filter>Header Files</Filter>
    </ClInclude>
    <ClInclude Include="DlgProcFileManage.h">
      <Filter>Header Files</Filter>
    </ClInclude>
    <ClInclude Include="DlgProcTrapModify.h">
      <Filter>Header Files</Filter>
    </ClInclude>
    <ClInclude Include="DlgSetAngle.h">
      <Filter>Header Files</Filter>
    </ClInclude>
    <ClInclude Include="DlgSetLength.h">
      <Filter>Header Files</Filter>
    </ClInclude>
    <ClInclude Include="DlgSetScale.h">
      <Filter>Header Files</Filter>
    </ClInclude>
    <ClInclude Include="DlgSetText.h">
      <Filter>Header Files</Filter>
    </ClInclude>
    <ClInclude Include="DlgViewZoom.h">
      <Filter>Header Files</Filter>
    </ClInclude>
    <ClInclude Include="ExpProcs.h">
      <Filter>Header Files</Filter>
    </ClInclude>
    <ClInclude Include="FileBitmap.h">
      <Filter>Header Files</Filter>
    </ClInclude>
    <ClInclude Include="FileBlock.h">
      <Filter>Header Files</Filter>
    </ClInclude>
    <ClInclude Include="FileJob.h">
      <Filter>Header Files</Filter>
    </ClInclude>
    <ClInclude Include="FileOpenDWG.h">
      <Filter>Header Files</Filter>
    </ClInclude>
    <ClInclude Include="FilePeg.h">
      <Filter>Header Files</Filter>
    </ClInclude>
    <ClInclude Include="FileTracing.h">
      <Filter>Header Files</Filter>
    </ClInclude>
    <ClInclude Include="FontDef.h">
      <Filter>Header Files</Filter>
    </ClInclude>
    <ClInclude Include="Grid.h">
      <Filter>Header Files</Filter>
    </ClInclude>
    <ClInclude Include="Hatch.h">
      <Filter>Header Files</Filter>
    </ClInclude>
    <ClInclude Include="Layer.h">
      <Filter>Header Files</Filter>
    </ClInclude>
    <ClInclude Include="Lex.h">
      <Filter>Header Files</Filter>
    </ClInclude>
    <ClInclude Include="LexTable.h">
      <Filter>Header Files</Filter>
    </ClInclude>
    <ClInclude Include="Line.h">
      <Filter>Header Files</Filter>
    </ClInclude>
    <ClInclude Include="MainFrm.h">
      <Filter>Header Files</Filter>
    </ClInclude>
    <ClInclude Include="Mat4.h">
      <Filter>Header Files</Filter>
    </ClInclude>
    <ClInclude Include="Messages.h">
      <Filter>Header Files</Filter>
    </ClInclude>
    <ClInclude Include="ModelTransform.h">
      <Filter>Header Files</Filter>
    </ClInclude>
    <ClInclude Include="ModelView.h">
      <Filter>Header Files</Filter>
    </ClInclude>
    <ClInclude Include="OpenGL.h">
      <Filter>Header Files</Filter>
    </ClInclude>
    <ClInclude Include="OwnerDraw.h">
      <Filter>Header Files</Filter>
    </ClInclude>
    <ClInclude Include="ParLines.h">
      <Filter>Header Files</Filter>
    </ClInclude>
    <ClInclude Include="PegAEsys.h">
      <Filter>Header Files</Filter>
    </ClInclude>
    <ClInclude Include="PegAEsysDoc.h">
      <Filter>Header Files</Filter>
    </ClInclude>
    <ClInclude Include="PegAEsysView.h">
      <Filter>Header Files</Filter>
    </ClInclude>
    <ClInclude Include="PegColors.h">
      <Filter>Header Files</Filter>
    </ClInclude>
    <ClInclude Include="PenStyle.h">
      <Filter>Header Files</Filter>
    </ClInclude>
    <ClInclude Include="PixelMapRGB.h">
      <Filter>Header Files</Filter>
    </ClInclude>
    <ClInclude Include="Pnt.h">
      <Filter>Header Files</Filter>
    </ClInclude>
    <ClInclude Include="Pnt4.h">
      <Filter>Header Files</Filter>
    </ClInclude>
    <ClInclude Include="Polygon.h">
      <Filter>Header Files</Filter>
    </ClInclude>
    <ClInclude Include="Polyline.h">
      <Filter>Header Files</Filter>
    </ClInclude>
    <ClInclude Include="Preview.h">
      <Filter>Header Files</Filter>
    </ClInclude>
    <ClInclude Include="Prim.h">
      <Filter>Header Files</Filter>
    </ClInclude>
    <ClInclude Include="PrimArc.h">
      <Filter>Header Files</Filter>
    </ClInclude>
    <ClInclude Include="PrimBSpline.h">
      <Filter>Header Files</Filter>
    </ClInclude>
    <ClInclude Include="PrimCSpline.h">
      <Filter>Header Files</Filter>
    </ClInclude>
    <ClInclude Include="PrimDim.h">
      <Filter>Header Files</Filter>
    </ClInclude>
    <ClInclude Include="PrimInsert.h">
      <Filter>Header Files</Filter>
    </ClInclude>
    <ClInclude Include="PrimLine.h">
      <Filter>Header Files</Filter>
    </ClInclude>
    <ClInclude Include="PrimMark.h">
      <Filter>Header Files</Filter>
    </ClInclude>
    <ClInclude Include="PrimPolygon.h">
      <Filter>Header Files</Filter>
    </ClInclude>
    <ClInclude Include="PrimPolyline.h">
      <Filter>Header Files</Filter>
    </ClInclude>
    <ClInclude Include="PrimSegRef.h">
      <Filter>Header Files</Filter>
    </ClInclude>
    <ClInclude Include="PrimState.h">
      <Filter>Header Files</Filter>
    </ClInclude>
    <ClInclude Include="PrimTag.h">
      <Filter>Header Files</Filter>
    </ClInclude>
    <ClInclude Include="PrimText.h">
      <Filter>Header Files</Filter>
    </ClInclude>
    <ClInclude Include="RefSys.h">
      <Filter>Header Files</Filter>
    </ClInclude>
    <ClInclude Include="resource.h">
      <Filter>Header Files</Filter>
    </ClInclude>
    <ClInclude Include="SafeMath.h">
      <Filter>Header Files</Filter>
    </ClInclude>
    <ClInclude Include="Seg.h">
      <Filter>Header Files</Filter>
    </ClInclude>
    <ClInclude Include="Segs.h">
      <Filter>Header Files</Filter>
    </ClInclude>
    <ClInclude Include="SegsDet.h">
      <Filter>Header Files</Filter>
    </ClInclude>
    <ClInclude Include="SegsTrap.h">
      <Filter>Header Files</Filter>
    </ClInclude>
    <ClInclude Include="Stdafx.h">
      <Filter>Header Files</Filter>
    </ClInclude>
    <ClInclude Include="StringExtra.h">
      <Filter>Header Files</Filter>
    </ClInclude>
    <ClInclude Include="SubProcAnnotate.h">
      <Filter>Header Files</Filter>
    </ClInclude>
    <ClInclude Include="SubProcCut.h">
      <Filter>Header Files</Filter>
    </ClInclude>
    <ClInclude Include="SubProcDimension.h">
      <Filter>Header Files</Filter>
    </ClInclude>
    <ClInclude Include="SubProcDraw.h">
      <Filter>Header Files</Filter>
    </ClInclude>
    <ClInclude Include="SubProcDraw2.h">
      <Filter>Header Files</Filter>
    </ClInclude>
    <ClInclude Include="SubProcEdit.h">
      <Filter>Header Files</Filter>
    </ClInclude>
    <ClInclude Include="SubProcEditPrimitive.h">
      <Filter>Header Files</Filter>
    </ClInclude>
    <ClInclude Include="SubProcEditSegment.h">
      <Filter>Header Files</Filter>
    </ClInclude>
    <ClInclude Include="SubProcFixup.h">
      <Filter>Header Files</Filter>
    </ClInclude>
    <ClInclude Include="SubProcLPD.h">
      <Filter>Header Files</Filter>
    </ClInclude>
    <ClInclude Include="SubProcMendPrim.h">
      <Filter>Header Files</Filter>
    </ClInclude>
    <ClInclude Include="SubProcNodal.h">
      <Filter>Header Files</Filter>
    </ClInclude>
    <ClInclude Include="SubProcPipe.h">
      <Filter>Header Files</Filter>
    </ClInclude>
    <ClInclude Include="SubProcPower.h">
      <Filter>Header Files</Filter>
    </ClInclude>
    <ClInclude Include="SubProcRLPD.h">
      <Filter>Header Files</Filter>
    </ClInclude>
    <ClInclude Include="SubProcTrapAdd.h">
      <Filter>Header Files</Filter>
    </ClInclude>
    <ClInclude Include="SubProcTrapRemove.h">
      <Filter>Header Files</Filter>
    </ClInclude>
    <ClInclude Include="Text.h">
      <Filter>Header Files</Filter>
    </ClInclude>
    <ClInclude Include="TMat.h">
      <Filter>Header Files</Filter>
    </ClInclude>
    <ClInclude Include="UnitsString.h">
      <Filter>Header Files</Filter>
    </ClInclude>
    <ClInclude Include="UserAxis.h">
      <Filter>Header Files</Filter>
    </ClInclude>
    <ClInclude Include="Vax.h">
      <Filter>Header Files</Filter>
    </ClInclude>
    <ClInclude Include="Vec.h">
      <Filter>Header Files</Filter>
    </ClInclude>
    <ClInclude Include="Vec4.h">
      <Filter>Header Files</Filter>
    </ClInclude>
    <ClInclude Include="Viewport.h">
      <Filter>Header Files</Filter>
    </ClInclude>
  </ItemGroup>
  <ItemGroup>
    <ResourceCompile Include="res\PegAEsys.rc">
      <Filter>Resource Files</Filter>
    </ResourceCompile>
  </ItemGroup>
  <ItemGroup>
    <None Include="res\PegAEsys.rc2">
      <Filter>Resource Files</Filter>
    </None>
    <None Include="Peg &amp; Tra File Formats.docx">
      <Filter>Documents</Filter>
    </None>
    <None Include="Peg &amp; Tra File Formats.md">
      <Filter>Documents</Filter>
    </None>
    <None Include="Peg &amp; Tra File Formats.pdf">
      <Filter>Documents</Filter>
    </None>
  </ItemGroup>
  <ItemGroup>
    <Text Include="Peg &amp; Tra File Formats.txt">
      <Filter>Documents</Filter>
    </Text>
    <Text Include="Peg &amp; Tra File Formats (extracted FilePeg comments).txt">
      <Filter>Documents</Filter>
    </Text>
  </ItemGroup>
</Project>